github.com/dcarbone/sclg/v3 v3.1.2 h1:l75+C/XLP/wa97kly2t1fv3Id1fPlPs2Wj2BB7p42KE=
github.com/dcarbone/sclg/v3 v3.1.2/go.mod h1:PSEwiXjEyU1gTUnC2f2novdObDeyKXSGX5Ag5qIyl4Y=
github.com/dgrijalva/jwt-go/v4 v4.0.0-preview1 h1:CaO/zOnF8VvUfEbhRatPcwKVWamvbYd8tQGRWacE9kU=
github.com/dgrijalva/jwt-go/v4 v4.0.0-preview1/go.mod h1:+hnT3ywWDTAFrW5aE+u2Sa/wT555ZqwoCS+pk3p6ry4=
github.com/google/go-cmp v0.5.2/go.mod h1:v8dTdLbMG2kIc/vJvl+f65V22dbkXbowE6jgT/gNBxE=
github.com/google/go-cmp v0.6.0 h1:ofyhxvXcZhMsU5ulbFiLKl/XBFqE1GSq7atu8tAmTRI=
github.com/google/go-cmp v0.6.0/go.mod h1:17dUlkBOakJ0+DkrSSNjCkIjxS6bF9zb3elmeNGIjoY=
github.com/google/go-querystring v1.1.0 h1:AnCroh3fv4ZBgVIf1Iwtovgjaw/GiKJo8M8yD/fhyJ8=
github.com/google/go-querystring v1.1.0/go.mod h1:Kcdr2DB4koayq7X8pmAG4sNG59So17icRSOU623lUBU=
github.com/hashicorp/go-cleanhttp v0.5.2 h1:035FKYIWjmULyFRBKPs8TBQoi0x6d9G4xc9neXJWAZQ=
github.com/hashicorp/go-cleanhttp v0.5.2/go.mod h1:kO/YDlP8L1346E6Sodw+PrpBSV4/SoxCXGY6BqNFT48=
golang.org/x/xerrors v0.0.0-20191204190536-9bdfabe68543 h1:E7g+9GITq07hpfrRu66IVDexMakfv52eLZ2CXBWiKr4=
golang.org/x/xerrors v0.0.0-20191204190536-9bdfabe68543/go.mod h1:I/5z698sn9Ka8TeJc9MKroUUfqBBauWjQqLJ2OPfmY0=
